PODS:
  - Flutter (1.0.0)
  - flutter_boost (0.0.2):
    - Flutter

DEPENDENCIES:
  - Flutter (from `Flutter`)
  - flutter_boost (from `.symlinks/plugins/flutter_boost/ios`)

EXTERNAL SOURCES:
  Flutter:
    :path: Flutter
  flutter_boost:
    :path: ".symlinks/plugins/flutter_boost/ios"

SPEC CHECKSUMS:
  Flutter: 50d75fe2f02b26cc09d224853bb45737f8b3214a
  flutter_boost: 6a73c54e5654df180c2cc379045b8cba9746fc8a

PODFILE CHECKSUM: aafe91acc616949ddb318b77800a7f51bffa2a4c

COCOAPODS: 1.10.1
